
Microsoft Visual Studio Solution File, Format Version 12.00
# Visual Studio 15
VisualStudioVersion = 15.0.27428.2037
MinimumVisualStudioVersion = 10.0.40219.1
Project("{FAE04EC0-301F-11D3-BF4B-00C04F79EFBC}") = "Cars", "Cars\Cars.csproj", "{7452BB06-FFB9-4782-B2EE-5315CC1B561B}"
EndProject
Project("{FAE04EC0-301F-11D3-BF4B-00C04F79EFBC}") = "CarsManagePlatform", "CarsManagePlatform\CarsManagePlatform.csproj", "{F42EC5CA-FFCA-423E-AE5C-568570F58107}"
EndProject
Global
	GlobalSection(SolutionConfigurationPlatforms) = preSolution
		Debug|Any CPU = Debug|Any CPU
		Release|Any CPU = Release|Any CPU
	EndGlobalSection
	GlobalSection(ProjectConfigurationPlatforms) = postSolution
		{7452BB06-FFB9-4782-B2EE-5315CC1B561B}.Debug|Any CPU.ActiveCfg = Debug|Any CPU
		{7452BB06-FFB9-4782-B2EE-5315CC1B561B}.Debug|Any CPU.Build.0 = Debug|Any CPU
		{7452BB06-FFB9-4782-B2EE-5315CC1B561B}.Release|Any CPU.ActiveCfg = Release|Any CPU
		{7452BB06-FFB9-4782-B2EE-5315CC1B561B}.Release|Any CPU.Build.0 = Release|Any CPU
		{F42EC5CA-FFCA-423E-AE5C-568570F58107}.Debug|Any CPU.ActiveCfg = Debug|Any CPU
		{F42EC5CA-FFCA-423E-AE5C-568570F58107}.Debug|Any CPU.Build.0 = Debug|Any CPU
		{F42EC5CA-FFCA-423E-AE5C-568570F58107}.Release|Any CPU.ActiveCfg = Release|Any CPU
		{F42EC5CA-FFCA-423E-AE5C-568570F58107}.Release|Any CPU.Build.0 = Release|Any CPU
	EndGlobalSection
	GlobalSection(SolutionProperties) = preSolution
		HideSolutionNode = FALSE
	EndGlobalSection
	GlobalSection(ExtensibilityGlobals) = postSolution
		SolutionGuid = {D98D3FDA-0E6D-481C-9A72-BF31AFD50820}
	EndGlobalSection
EndGlobal
